
Microsoft Visual Studio Solution File, Format Version 12.00
# Visual Studio 15
VisualStudioVersion = 15.0.26228.4
MinimumVisualStudioVersion = 10.0.40219.1
Project("{FAE04EC0-301F-11D3-BF4B-00C04F79EFBC}") = "Core", "PgpEncryptor\Core.csproj", "{F4BCA470-B31A-4619-9143-F95F3DBA7BBF}"
EndProject
Project("{FAE04EC0-301F-11D3-BF4B-00C04F79EFBC}") = "Tests", "Tests\Tests.csproj", "{5F85A9EF-0679-44B0-8751-57BFEB742DB5}"
EndProject
Global
	GlobalSection(SolutionConfigurationPlatforms) = preSolution
		Debug|Any CPU = Debug|Any CPU
		Release|Any CPU = Release|Any CPU
	EndGlobalSection
	GlobalSection(ProjectConfigurationPlatforms) = postSolution
		{F4BCA470-B31A-4619-9143-F95F3DBA7BBF}.Debug|Any CPU.ActiveCfg = Debug|Any CPU
		{F4BCA470-B31A-4619-9143-F95F3DBA7BBF}.Debug|Any CPU.Build.0 = Debug|Any CPU
		{F4BCA470-B31A-4619-9143-F95F3DBA7BBF}.Release|Any CPU.ActiveCfg = Release|Any CPU
		{F4BCA470-B31A-4619-9143-F95F3DBA7BBF}.Release|Any CPU.Build.0 = Release|Any CPU
		{5F85A9EF-0679-44B0-8751-57BFEB742DB5}.Debug|Any CPU.ActiveCfg = Debug|Any CPU
		{5F85A9EF-0679-44B0-8751-57BFEB742DB5}.Debug|Any CPU.Build.0 = Debug|Any CPU
		{5F85A9EF-0679-44B0-8751-57BFEB742DB5}.Release|Any CPU.ActiveCfg = Release|Any CPU
		{5F85A9EF-0679-44B0-8751-57BFEB742DB5}.Release|Any CPU.Build.0 = Release|Any CPU
	EndGlobalSection
	GlobalSection(SolutionProperties) = preSolution
		HideSolutionNode = FALSE
	EndGlobalSection
EndGlobal
